
Microsoft Visual Studio Solution File, Format Version 12.00
# Visual Studio 15
VisualStudioVersion = 15.0.26730.3
MinimumVisualStudioVersion = 10.0.40219.1
Project("{8BC9CEB8-8B4A-11D0-8D11-00A0C91BC942}") = "proplib-serialize", "proplib-serialize\proplib-serialize.vcxproj", "{21614E0A-6AEA-4319-8180-65EF7E7AEDAC}"
EndProject
Project("{8BC9CEB8-8B4A-11D0-8D11-00A0C91BC942}") = "test", "tests\prop-serialize\test.vcxproj", "{5F5D7980-A2EE-4A96-B883-4C8253D59591}"
EndProject
Project("{8BC9CEB8-8B4A-11D0-8D11-00A0C91BC942}") = "proplib-qt-gui", "proplib-gui\proplib-qt-gui\proplib-qt-gui.vcxproj", "{B12702AD-ABFB-343A-A199-8E24837244A3}"
EndProject
Project("{8BC9CEB8-8B4A-11D0-8D11-00A0C91BC942}") = "proplib-qt-editor", "proplib-qt-editor\proplib-qt-editor.vcxproj", "{73C38539-E77B-4FD0-BE41-309D99819D90}"
EndProject
Project("{8BC9CEB8-8B4A-11D0-8D11-00A0C91BC942}") = "http-client", "tests\http-client\http-client.vcxproj", "{8C5D9C48-082C-4712-8B21-410D9DA0A58F}"
EndProject
Global
	GlobalSection(SolutionConfigurationPlatforms) = preSolution
		Debug|x64 = Debug|x64
		Debug|x86 = Debug|x86
		Release|x64 = Release|x64
		Release|x86 = Release|x86
	EndGlobalSection
	GlobalSection(ProjectConfigurationPlatforms) = postSolution
		{21614E0A-6AEA-4319-8180-65EF7E7AEDAC}.Debug|x64.ActiveCfg = Debug|x64
		{21614E0A-6AEA-4319-8180-65EF7E7AEDAC}.Debug|x64.Build.0 = Debug|x64
		{21614E0A-6AEA-4319-8180-65EF7E7AEDAC}.Debug|x86.ActiveCfg = Debug|Win32
		{21614E0A-6AEA-4319-8180-65EF7E7AEDAC}.Debug|x86.Build.0 = Debug|Win32
		{21614E0A-6AEA-4319-8180-65EF7E7AEDAC}.Release|x64.ActiveCfg = Release|x64
		{21614E0A-6AEA-4319-8180-65EF7E7AEDAC}.Release|x64.Build.0 = Release|x64
		{21614E0A-6AEA-4319-8180-65EF7E7AEDAC}.Release|x86.ActiveCfg = Release|Win32
		{21614E0A-6AEA-4319-8180-65EF7E7AEDAC}.Release|x86.Build.0 = Release|Win32
		{5F5D7980-A2EE-4A96-B883-4C8253D59591}.Debug|x64.ActiveCfg = Debug|x64
		{5F5D7980-A2EE-4A96-B883-4C8253D59591}.Debug|x64.Build.0 = Debug|x64
		{5F5D7980-A2EE-4A96-B883-4C8253D59591}.Debug|x86.ActiveCfg = Debug|Win32
		{5F5D7980-A2EE-4A96-B883-4C8253D59591}.Debug|x86.Build.0 = Debug|Win32
		{5F5D7980-A2EE-4A96-B883-4C8253D59591}.Release|x64.ActiveCfg = Release|x64
		{5F5D7980-A2EE-4A96-B883-4C8253D59591}.Release|x64.Build.0 = Release|x64
		{5F5D7980-A2EE-4A96-B883-4C8253D59591}.Release|x86.ActiveCfg = Release|Win32
		{5F5D7980-A2EE-4A96-B883-4C8253D59591}.Release|x86.Build.0 = Release|Win32
		{B12702AD-ABFB-343A-A199-8E24837244A3}.Debug|x64.ActiveCfg = Debug|x64
		{B12702AD-ABFB-343A-A199-8E24837244A3}.Debug|x64.Build.0 = Debug|x64
		{B12702AD-ABFB-343A-A199-8E24837244A3}.Debug|x86.ActiveCfg = Debug|x64
		{B12702AD-ABFB-343A-A199-8E24837244A3}.Release|x64.ActiveCfg = Release|x64
		{B12702AD-ABFB-343A-A199-8E24837244A3}.Release|x64.Build.0 = Release|x64
		{B12702AD-ABFB-343A-A199-8E24837244A3}.Release|x86.ActiveCfg = Release|x64
		{73C38539-E77B-4FD0-BE41-309D99819D90}.Debug|x64.ActiveCfg = Debug|x64
		{73C38539-E77B-4FD0-BE41-309D99819D90}.Debug|x64.Build.0 = Debug|x64
		{73C38539-E77B-4FD0-BE41-309D99819D90}.Debug|x86.ActiveCfg = Debug|x64
		{73C38539-E77B-4FD0-BE41-309D99819D90}.Release|x64.ActiveCfg = Release|x64
		{73C38539-E77B-4FD0-BE41-309D99819D90}.Release|x64.Build.0 = Release|x64
		{73C38539-E77B-4FD0-BE41-309D99819D90}.Release|x86.ActiveCfg = Release|x64
		{8C5D9C48-082C-4712-8B21-410D9DA0A58F}.Debug|x64.ActiveCfg = Debug|x64
		{8C5D9C48-082C-4712-8B21-410D9DA0A58F}.Debug|x64.Build.0 = Debug|x64
		{8C5D9C48-082C-4712-8B21-410D9DA0A58F}.Debug|x86.ActiveCfg = Debug|Win32
		{8C5D9C48-082C-4712-8B21-410D9DA0A58F}.Debug|x86.Build.0 = Debug|Win32
		{8C5D9C48-082C-4712-8B21-410D9DA0A58F}.Release|x64.ActiveCfg = Release|x64
		{8C5D9C48-082C-4712-8B21-410D9DA0A58F}.Release|x64.Build.0 = Release|x64
		{8C5D9C48-082C-4712-8B21-410D9DA0A58F}.Release|x86.ActiveCfg = Release|Win32
		{8C5D9C48-082C-4712-8B21-410D9DA0A58F}.Release|x86.Build.0 = Release|Win32
	EndGlobalSection
	GlobalSection(SolutionProperties) = preSolution
		HideSolutionNode = FALSE
	EndGlobalSection
	GlobalSection(ExtensibilityGlobals) = postSolution
		SolutionGuid = {E1874E92-65D9-478A-976A-A503C8AF95A2}
	EndGlobalSection
EndGlobal
